
Microsoft Visual Studio Solution File, Format Version 12.00
# Visual Studio 2013
VisualStudioVersion = 12.0.31101.0
MinimumVisualStudioVersion = 10.0.40219.1
Project("{FAE04EC0-301F-11D3-BF4B-00C04F79EFBC}") = "01.NumbersFrom1ToN", "NumbersFrom1ToN\01.NumbersFrom1ToN.csproj", "{710DE32E-9DF1-4529-9A63-B34EC8D3D6ED}"
EndProject
Project("{FAE04EC0-301F-11D3-BF4B-00C04F79EFBC}") = "02.NumbersNotDevisibleBy3And7", "NumbersNotDevisibleBy3And7\02.NumbersNotDevisibleBy3And7.csproj", "{D355ECE6-42F7-449C-8A39-B3E23F5F4C49}"
EndProject
Project("{FAE04EC0-301F-11D3-BF4B-00C04F79EFBC}") = "03.MinMaxSumAvgOfNNumbers", "MinMaxSumAvgOfNNumbers\03.MinMaxSumAvgOfNNumbers.csproj", "{43406024-D0D8-4AA4-B976-19245E2DF2AC}"
EndProject
Project("{FAE04EC0-301F-11D3-BF4B-00C04F79EFBC}") = "04.PrintADeckOf52Card", "PrintADeckOf52Card\04.PrintADeckOf52Card.csproj", "{31A9629E-DED7-4BB2-9A88-E8DDD5AFCA8C}"
EndProject
Project("{FAE04EC0-301F-11D3-BF4B-00C04F79EFBC}") = "05.CalculateProb5", "CalculateProb5\05.CalculateProb5.csproj", "{C44954FA-426A-4A30-8E3D-5E045E776CAE}"
EndProject
Project("{FAE04EC0-301F-11D3-BF4B-00C04F79EFBC}") = "06.CalculateProb6", "CalculateProb6\06.CalculateProb6.csproj", "{A3A98DD4-CC6C-450C-97CA-043EF5D13A4D}"
EndProject
Project("{FAE04EC0-301F-11D3-BF4B-00C04F79EFBC}") = "07.CalculateProb7", "CalculateProb7\07.CalculateProb7.csproj", "{BC4445D3-CC65-4287-8729-D497DD9DEC9D}"
EndProject
Project("{FAE04EC0-301F-11D3-BF4B-00C04F79EFBC}") = "08.CatalanNumbers", "CatalanNumbers\08.CatalanNumbers.csproj", "{A8B67E00-FB6D-4011-8918-F40201552691}"
EndProject
Project("{FAE04EC0-301F-11D3-BF4B-00C04F79EFBC}") = "09.MatrixOfNumbers", "MatrixOfNumbers\09.MatrixOfNumbers.csproj", "{E30C4898-417A-4274-94CA-CEBB228E114B}"
EndProject
Project("{FAE04EC0-301F-11D3-BF4B-00C04F79EFBC}") = "10.OddAndEvenProduct", "OddAndEvenProduct\10.OddAndEvenProduct.csproj", "{20178448-09AC-4B5D-85EB-D8E2DE576CC8}"
EndProject
Project("{FAE04EC0-301F-11D3-BF4B-00C04F79EFBC}") = "12.RandomizeTheNumbers1ToN", "RandomizeTheNumbers1ToN\12.RandomizeTheNumbers1ToN.csproj", "{19D81B42-0990-48D0-94CF-D9AD2FBF036F}"
EndProject
Project("{FAE04EC0-301F-11D3-BF4B-00C04F79EFBC}") = "11.RandomNumbersFromGivenRange", "RandomNumbersFromGivenRange\11.RandomNumbersFromGivenRange.csproj", "{96184705-6049-432D-B913-598F4BA598C7}"
EndProject
Project("{FAE04EC0-301F-11D3-BF4B-00C04F79EFBC}") = "13.BinaryToDecimal", "BinaryToDecimal\13.BinaryToDecimal.csproj", "{BAA1855D-9D43-4FF0-9455-2C211439821B}"
EndProject
Project("{FAE04EC0-301F-11D3-BF4B-00C04F79EFBC}") = "17.CalculateGCD", "CalculateGCD\17.CalculateGCD.csproj", "{FF0EDCF7-3D46-46F2-9687-F72EA4D7B8FC}"
EndProject
Project("{FAE04EC0-301F-11D3-BF4B-00C04F79EFBC}") = "18.TrailingZerosInNFactorial", "TrailingZerosInNFactorial\18.TrailingZerosInNFactorial.csproj", "{3314C36C-75C7-4AB4-A3EE-3EDDDC0AACCB}"
EndProject
Project("{FAE04EC0-301F-11D3-BF4B-00C04F79EFBC}") = "19.SpiralMatrix", "SpiralMatrix\19.SpiralMatrix.csproj", "{D14478E5-665F-4AE9-BE71-0D3A49E199E5}"
EndProject
Project("{FAE04EC0-301F-11D3-BF4B-00C04F79EFBC}") = "14.DecimalToBinary", "DecimalToBinary\14.DecimalToBinary.csproj", "{7EC813C0-BEBA-407B-957B-B14604B19285}"
EndProject
Project("{FAE04EC0-301F-11D3-BF4B-00C04F79EFBC}") = "15.HexToDecimal", "HexToDecimal\15.HexToDecimal.csproj", "{C8A2712D-9F5C-403D-805E-22E7CAD83F9D}"
EndProject
Project("{FAE04EC0-301F-11D3-BF4B-00C04F79EFBC}") = "16.DecimalToHex", "DecimalToHex\16.DecimalToHex.csproj", "{E309CF4C-4937-40C3-8249-03B793020670}"
EndProject
Global
	GlobalSection(SolutionConfigurationPlatforms) = preSolution
		Debug|Any CPU = Debug|Any CPU
		Release|Any CPU = Release|Any CPU
	EndGlobalSection
	GlobalSection(ProjectConfigurationPlatforms) = postSolution
		{710DE32E-9DF1-4529-9A63-B34EC8D3D6ED}.Debug|Any CPU.ActiveCfg = Debug|Any CPU
		{710DE32E-9DF1-4529-9A63-B34EC8D3D6ED}.Debug|Any CPU.Build.0 = Debug|Any CPU
		{710DE32E-9DF1-4529-9A63-B34EC8D3D6ED}.Release|Any CPU.ActiveCfg = Release|Any CPU
		{710DE32E-9DF1-4529-9A63-B34EC8D3D6ED}.Release|Any CPU.Build.0 = Release|Any CPU
		{D355ECE6-42F7-449C-8A39-B3E23F5F4C49}.Debug|Any CPU.ActiveCfg = Debug|Any CPU
		{D355ECE6-42F7-449C-8A39-B3E23F5F4C49}.Debug|Any CPU.Build.0 = Debug|Any CPU
		{D355ECE6-42F7-449C-8A39-B3E23F5F4C49}.Release|Any CPU.ActiveCfg = Release|Any CPU
		{D355ECE6-42F7-449C-8A39-B3E23F5F4C49}.Release|Any CPU.Build.0 = Release|Any CPU
		{43406024-D0D8-4AA4-B976-19245E2DF2AC}.Debug|Any CPU.ActiveCfg = Debug|Any CPU
		{43406024-D0D8-4AA4-B976-19245E2DF2AC}.Debug|Any CPU.Build.0 = Debug|Any CPU
		{43406024-D0D8-4AA4-B976-19245E2DF2AC}.Release|Any CPU.ActiveCfg = Release|Any CPU
		{43406024-D0D8-4AA4-B976-19245E2DF2AC}.Release|Any CPU.Build.0 = Release|Any CPU
		{31A9629E-DED7-4BB2-9A88-E8DDD5AFCA8C}.Debug|Any CPU.ActiveCfg = Debug|Any CPU
		{31A9629E-DED7-4BB2-9A88-E8DDD5AFCA8C}.Debug|Any CPU.Build.0 = Debug|Any CPU
		{31A9629E-DED7-4BB2-9A88-E8DDD5AFCA8C}.Release|Any CPU.ActiveCfg = Release|Any CPU
		{31A9629E-DED7-4BB2-9A88-E8DDD5AFCA8C}.Release|Any CPU.Build.0 = Release|Any CPU
		{C44954FA-426A-4A30-8E3D-5E045E776CAE}.Debug|Any CPU.ActiveCfg = Debug|Any CPU
		{C44954FA-426A-4A30-8E3D-5E045E776CAE}.Debug|Any CPU.Build.0 = Debug|Any CPU
		{C44954FA-426A-4A30-8E3D-5E045E776CAE}.Release|Any CPU.ActiveCfg = Release|Any CPU
		{C44954FA-426A-4A30-8E3D-5E045E776CAE}.Release|Any CPU.Build.0 = Release|Any CPU
		{A3A98DD4-CC6C-450C-97CA-043EF5D13A4D}.Debug|Any CPU.ActiveCfg = Debug|Any CPU
		{A3A98DD4-CC6C-450C-97CA-043EF5D13A4D}.Debug|Any CPU.Build.0 = Debug|Any CPU
		{A3A98DD4-CC6C-450C-97CA-043EF5D13A4D}.Release|Any CPU.ActiveCfg = Release|Any CPU
		{A3A98DD4-CC6C-450C-97CA-043EF5D13A4D}.Release|Any CPU.Build.0 = Release|Any CPU
		{BC4445D3-CC65-4287-8729-D497DD9DEC9D}.Debug|Any CPU.ActiveCfg = Debug|Any CPU
		{BC4445D3-CC65-4287-8729-D497DD9DEC9D}.Debug|Any CPU.Build.0 = Debug|Any CPU
		{BC4445D3-CC65-4287-8729-D497DD9DEC9D}.Release|Any CPU.ActiveCfg = Release|Any CPU
		{BC4445D3-CC65-4287-8729-D497DD9DEC9D}.Release|Any CPU.Build.0 = Release|Any CPU
		{A8B67E00-FB6D-4011-8918-F40201552691}.Debug|Any CPU.ActiveCfg = Debug|Any CPU
		{A8B67E00-FB6D-4011-8918-F40201552691}.Debug|Any CPU.Build.0 = Debug|Any CPU
		{A8B67E00-FB6D-4011-8918-F40201552691}.Release|Any CPU.ActiveCfg = Release|Any CPU
		{A8B67E00-FB6D-4011-8918-F40201552691}.Release|Any CPU.Build.0 = Release|Any CPU
		{E30C4898-417A-4274-94CA-CEBB228E114B}.Debug|Any CPU.ActiveCfg = Debug|Any CPU
		{E30C4898-417A-4274-94CA-CEBB228E114B}.Debug|Any CPU.Build.0 = Debug|Any CPU
		{E30C4898-417A-4274-94CA-CEBB228E114B}.Release|Any CPU.ActiveCfg = Release|Any CPU
		{E30C4898-417A-4274-94CA-CEBB228E114B}.Release|Any CPU.Build.0 = Release|Any CPU
		{20178448-09AC-4B5D-85EB-D8E2DE576CC8}.Debug|Any CPU.ActiveCfg = Debug|Any CPU
		{20178448-09AC-4B5D-85EB-D8E2DE576CC8}.Debug|Any CPU.Build.0 = Debug|Any CPU
		{20178448-09AC-4B5D-85EB-D8E2DE576CC8}.Release|Any CPU.ActiveCfg = Release|Any CPU
		{20178448-09AC-4B5D-85EB-D8E2DE576CC8}.Release|Any CPU.Build.0 = Release|Any CPU
		{19D81B42-0990-48D0-94CF-D9AD2FBF036F}.Debug|Any CPU.ActiveCfg = Debug|Any CPU
		{19D81B42-0990-48D0-94CF-D9AD2FBF036F}.Debug|Any CPU.Build.0 = Debug|Any CPU
		{19D81B42-0990-48D0-94CF-D9AD2FBF036F}.Release|Any CPU.ActiveCfg = Release|Any CPU
		{19D81B42-0990-48D0-94CF-D9AD2FBF036F}.Release|Any CPU.Build.0 = Release|Any CPU
		{96184705-6049-432D-B913-598F4BA598C7}.Debug|Any CPU.ActiveCfg = Debug|Any CPU
		{96184705-6049-432D-B913-598F4BA598C7}.Debug|Any CPU.Build.0 = Debug|Any CPU
		{96184705-6049-432D-B913-598F4BA598C7}.Release|Any CPU.ActiveCfg = Release|Any CPU
		{96184705-6049-432D-B913-598F4BA598C7}.Release|Any CPU.Build.0 = Release|Any CPU
		{BAA1855D-9D43-4FF0-9455-2C211439821B}.Debug|Any CPU.ActiveCfg = Debug|Any CPU
		{BAA1855D-9D43-4FF0-9455-2C211439821B}.Debug|Any CPU.Build.0 = Debug|Any CPU
		{BAA1855D-9D43-4FF0-9455-2C211439821B}.Release|Any CPU.ActiveCfg = Release|Any CPU
		{BAA1855D-9D43-4FF0-9455-2C211439821B}.Release|Any CPU.Build.0 = Release|Any CPU
		{FF0EDCF7-3D46-46F2-9687-F72EA4D7B8FC}.Debug|Any CPU.ActiveCfg = Debug|Any CPU
		{FF0EDCF7-3D46-46F2-9687-F72EA4D7B8FC}.Debug|Any CPU.Build.0 = Debug|Any CPU
		{FF0EDCF7-3D46-46F2-9687-F72EA4D7B8FC}.Release|Any CPU.ActiveCfg = Release|Any CPU
		{FF0EDCF7-3D46-46F2-9687-F72EA4D7B8FC}.Release|Any CPU.Build.0 = Release|Any CPU
		{3314C36C-75C7-4AB4-A3EE-3EDDDC0AACCB}.Debug|Any CPU.ActiveCfg = Debug|Any CPU
		{3314C36C-75C7-4AB4-A3EE-3EDDDC0AACCB}.Debug|Any CPU.Build.0 = Debug|Any CPU
		{3314C36C-75C7-4AB4-A3EE-3EDDDC0AACCB}.Release|Any CPU.ActiveCfg = Release|Any CPU
		{3314C36C-75C7-4AB4-A3EE-3EDDDC0AACCB}.Release|Any CPU.Build.0 = Release|Any CPU
		{D14478E5-665F-4AE9-BE71-0D3A49E199E5}.Debug|Any CPU.ActiveCfg = Debug|Any CPU
		{D14478E5-665F-4AE9-BE71-0D3A49E199E5}.Debug|Any CPU.Build.0 = Debug|Any CPU
		{D14478E5-665F-4AE9-BE71-0D3A49E199E5}.Release|Any CPU.ActiveCfg = Release|Any CPU
		{D14478E5-665F-4AE9-BE71-0D3A49E199E5}.Release|Any CPU.Build.0 = Release|Any CPU
		{7EC813C0-BEBA-407B-957B-B14604B19285}.Debug|Any CPU.ActiveCfg = Debug|Any CPU
		{7EC813C0-BEBA-407B-957B-B14604B19285}.Debug|Any CPU.Build.0 = Debug|Any CPU
		{7EC813C0-BEBA-407B-957B-B14604B19285}.Release|Any CPU.ActiveCfg = Release|Any CPU
		{7EC813C0-BEBA-407B-957B-B14604B19285}.Release|Any CPU.Build.0 = Release|Any CPU
		{C8A2712D-9F5C-403D-805E-22E7CAD83F9D}.Debug|Any CPU.ActiveCfg = Debug|Any CPU
		{C8A2712D-9F5C-403D-805E-22E7CAD83F9D}.Debug|Any CPU.Build.0 = Debug|Any CPU
		{C8A2712D-9F5C-403D-805E-22E7CAD83F9D}.Release|Any CPU.ActiveCfg = Release|Any CPU
		{C8A2712D-9F5C-403D-805E-22E7CAD83F9D}.Release|Any CPU.Build.0 = Release|Any CPU
		{E309CF4C-4937-40C3-8249-03B793020670}.Debug|Any CPU.ActiveCfg = Debug|Any CPU
		{E309CF4C-4937-40C3-8249-03B793020670}.Debug|Any CPU.Build.0 = Debug|Any CPU
		{E309CF4C-4937-40C3-8249-03B793020670}.Release|Any CPU.ActiveCfg = Release|Any CPU
		{E309CF4C-4937-40C3-8249-03B793020670}.Release|Any CPU.Build.0 = Release|Any CPU
	EndGlobalSection
	GlobalSection(SolutionProperties) = preSolution
		HideSolutionNode = FALSE
	EndGlobalSection
EndGlobal
